
Microsoft Visual Studio Solution File, Format Version 12.00
# Visual Studio 15
VisualStudioVersion = 15.0.28010.0
MinimumVisualStudioVersion = 10.0.40219.1
Project("{FAE04EC0-301F-11D3-BF4B-00C04F79EFBC}") = "DoormatWebSite", "DoormatWebSite\DoormatWebSite.csproj", "{78B7CF0D-68D5-4467-AE45-E27B6D2DCBC3}"
EndProject
Global
	GlobalSection(SolutionConfigurationPlatforms) = preSolution
		Debug|Any CPU = Debug|Any CPU
		Release|Any CPU = Release|Any CPU
	EndGlobalSection
	GlobalSection(ProjectConfigurationPlatforms) = postSolution
		{78B7CF0D-68D5-4467-AE45-E27B6D2DCBC3}.Debug|Any CPU.ActiveCfg = Debug|Any CPU
		{78B7CF0D-68D5-4467-AE45-E27B6D2DCBC3}.Debug|Any CPU.Build.0 = Debug|Any CPU
		{78B7CF0D-68D5-4467-AE45-E27B6D2DCBC3}.Release|Any CPU.ActiveCfg = Release|Any CPU
		{78B7CF0D-68D5-4467-AE45-E27B6D2DCBC3}.Release|Any CPU.Build.0 = Release|Any CPU
	EndGlobalSection
	GlobalSection(SolutionProperties) = preSolution
		HideSolutionNode = FALSE
	EndGlobalSection
	GlobalSection(ExtensibilityGlobals) = postSolution
		SolutionGuid = {C4D41D03-6C17-4015-BF54-1F5AE0AE06DC}
	EndGlobalSection
EndGlobal
